
Microsoft Visual Studio Solution File, Format Version 12.00
Project("{FAE04EC0-301F-11D3-BF4B-00C04F79EFBC}") = "Forge.Domain", "Forge.Domain\Forge.Domain.csproj", "{930B355C-E522-41F6-89BB-3BA45A74421C}"
EndProject
Project("{FAE04EC0-301F-11D3-BF4B-00C04F79EFBC}") = "Forge.Tests.Domain", "Forge.Tests.Domain\Forge.Tests.Domain.csproj", "{25F38B52-854E-44F3-9D64-093147735664}"
EndProject
Project("{FAE04EC0-301F-11D3-BF4B-00C04F79EFBC}") = "Forge.Contracts", "Forge.Contracts\Forge.Contracts.csproj", "{D3FB7888-9447-4030-B67C-F2EE1F340603}"
EndProject
Project("{FAE04EC0-301F-11D3-BF4B-00C04F79EFBC}") = "Forge.Services.Abstractions", "Forge.Services.Abstractions\Forge.Services.Abstractions.csproj", "{1893EFAA-113E-42EF-B598-4BE0DF09D4F4}"
EndProject
Project("{FAE04EC0-301F-11D3-BF4B-00C04F79EFBC}") = "Forge.Services", "Forge.Services\Forge.Services.csproj", "{ED5D176A-E677-45C8-B5A1-5172669ACF9C}"
EndProject
Project("{FAE04EC0-301F-11D3-BF4B-00C04F79EFBC}") = "Forge.Tests.Services", "Forge.Tests.Services\Forge.Tests.Services.csproj", "{29B7E7C4-7696-4452-BCCC-09EDA030689A}"
EndProject
Project("{FAE04EC0-301F-11D3-BF4B-00C04F79EFBC}") = "Forge.Tests.Contracts", "Forge.Tests.Contracts\Forge.Tests.Contracts.csproj", "{3E50E010-D39E-4B94-A176-75098B585AEF}"
EndProject
Project("{FAE04EC0-301F-11D3-BF4B-00C04F79EFBC}") = "Forge.Persistence", "Forge.Persistence\Forge.Persistence.csproj", "{CDA64E09-5BA6-48B5-A192-9F0DDA817825}"
EndProject
Project("{FAE04EC0-301F-11D3-BF4B-00C04F79EFBC}") = "Forge.Tests.Persistence", "Forge.Tests.Persistence\Forge.Tests.Persistence.csproj", "{FBF1011E-F540-4CAC-A2DC-47114EE2E840}"
EndProject
Project("{2150E333-8FDC-42A3-9474-1A3956D46DE8}") = "Forge", "Forge", "{54549805-A544-4EA3-B4F3-71EF9BE5EE51}"
EndProject
Project("{2150E333-8FDC-42A3-9474-1A3956D46DE8}") = "Sdk", "Sdk", "{0BA1E2B9-F760-4148-B74C-CF9395D98469}"
EndProject
Project("{FAE04EC0-301F-11D3-BF4B-00C04F79EFBC}") = "Forge.Database", "Forge.Database\Forge.Database.csproj", "{86725398-1B8F-4656-9F4C-C7C1F60CE59E}"
EndProject
Project("{2150E333-8FDC-42A3-9474-1A3956D46DE8}") = "Services", "Services", "{4D00775F-7C01-4EF9-ADD9-17E4858F88E7}"
EndProject
Project("{FAE04EC0-301F-11D3-BF4B-00C04F79EFBC}") = "Forge.Tests.Database", "Forge.Tests.Database\Forge.Tests.Database.csproj", "{FF2DA5F0-F082-4D5B-B2BE-7E9C99AA1A6A}"
EndProject
Project("{2150E333-8FDC-42A3-9474-1A3956D46DE8}") = "LeadForge", "LeadForge", "{7B63F0D7-0A35-46DE-808C-342091BC2EC8}"
EndProject
Project("{2150E333-8FDC-42A3-9474-1A3956D46DE8}") = "Sdk", "Sdk", "{3344A3EF-9C16-44FA-B124-5E19477A5756}"
EndProject
Project("{2150E333-8FDC-42A3-9474-1A3956D46DE8}") = "Services", "Services", "{F149E015-FAC2-400D-B1DD-D5B16EFEC8AF}"
EndProject
Project("{2150E333-8FDC-42A3-9474-1A3956D46DE8}") = "Api", "Api", "{ACEF3BDB-AC58-4495-B67B-E8D1ED2BC1C1}"
EndProject
Project("{2150E333-8FDC-42A3-9474-1A3956D46DE8}") = "Api", "Api", "{7C32CF9D-B259-4E98-B274-D3918088C1ED}"
EndProject
Project("{2150E333-8FDC-42A3-9474-1A3956D46DE8}") = "src", "src", "{31C6A664-3B99-4ED8-B4DF-EB9D60292691}"
EndProject
Project("{2150E333-8FDC-42A3-9474-1A3956D46DE8}") = "tests", "tests", "{8561E3A1-42F1-4D3F-A76C-404CE8186545}"
EndProject
Project("{FAE04EC0-301F-11D3-BF4B-00C04F79EFBC}") = "LeadForge.Api", "LeadForge.Api\LeadForge.Api.csproj", "{4C6F8E92-FA3C-4AEF-928B-391216062B13}"
EndProject
Project("{FAE04EC0-301F-11D3-BF4B-00C04F79EFBC}") = "LeadForge.Domain", "LeadForge.Domain\LeadForge.Domain.csproj", "{45533391-9C28-448B-B48D-1556260949E6}"
EndProject
Project("{2150E333-8FDC-42A3-9474-1A3956D46DE8}") = "src", "src", "{63B5F8E1-C35C-47F4-BE2F-35D8C6CE058A}"
EndProject
Project("{2150E333-8FDC-42A3-9474-1A3956D46DE8}") = "tests", "tests", "{0CAEADD8-D425-4D12-9853-19EDC3ACDE71}"
EndProject
Project("{2150E333-8FDC-42A3-9474-1A3956D46DE8}") = "Forge", "Forge", "{73AE3C6E-73C0-4D31-800C-988275BBD8F9}"
EndProject
Project("{2150E333-8FDC-42A3-9474-1A3956D46DE8}") = "Api", "Api", "{7A974171-6BDD-4EEF-A967-1444D06CE917}"
EndProject
Project("{2150E333-8FDC-42A3-9474-1A3956D46DE8}") = "Sdk", "Sdk", "{60906C3B-966B-4C65-A700-4B6A4BBEF366}"
EndProject
Project("{2150E333-8FDC-42A3-9474-1A3956D46DE8}") = "Services", "Services", "{F6F95251-1354-40C1-A72E-3C016EF9F274}"
EndProject
Project("{2150E333-8FDC-42A3-9474-1A3956D46DE8}") = "LeadForge", "LeadForge", "{63E49ADF-DE65-4B71-8983-700991AF2F1E}"
EndProject
Project("{2150E333-8FDC-42A3-9474-1A3956D46DE8}") = "Api", "Api", "{E50F1755-56A5-480F-A049-61EC15573B25}"
EndProject
Project("{2150E333-8FDC-42A3-9474-1A3956D46DE8}") = "Sdk", "Sdk", "{CD79BAA2-6A8C-4CDE-95F8-0923FECEBB1C}"
EndProject
Project("{2150E333-8FDC-42A3-9474-1A3956D46DE8}") = "Services", "Services", "{292A5A5D-A031-4A61-BF5E-E47B9A13B369}"
EndProject
Global
	GlobalSection(SolutionConfigurationPlatforms) = preSolution
		Debug|Any CPU = Debug|Any CPU
		Release|Any CPU = Release|Any CPU
	EndGlobalSection
	GlobalSection(ProjectConfigurationPlatforms) = postSolution
		{930B355C-E522-41F6-89BB-3BA45A74421C}.Debug|Any CPU.ActiveCfg = Debug|Any CPU
		{930B355C-E522-41F6-89BB-3BA45A74421C}.Debug|Any CPU.Build.0 = Debug|Any CPU
		{930B355C-E522-41F6-89BB-3BA45A74421C}.Release|Any CPU.ActiveCfg = Release|Any CPU
		{930B355C-E522-41F6-89BB-3BA45A74421C}.Release|Any CPU.Build.0 = Release|Any CPU
		{25F38B52-854E-44F3-9D64-093147735664}.Debug|Any CPU.ActiveCfg = Debug|Any CPU
		{25F38B52-854E-44F3-9D64-093147735664}.Debug|Any CPU.Build.0 = Debug|Any CPU
		{25F38B52-854E-44F3-9D64-093147735664}.Release|Any CPU.ActiveCfg = Release|Any CPU
		{25F38B52-854E-44F3-9D64-093147735664}.Release|Any CPU.Build.0 = Release|Any CPU
		{D3FB7888-9447-4030-B67C-F2EE1F340603}.Debug|Any CPU.ActiveCfg = Debug|Any CPU
		{D3FB7888-9447-4030-B67C-F2EE1F340603}.Debug|Any CPU.Build.0 = Debug|Any CPU
		{D3FB7888-9447-4030-B67C-F2EE1F340603}.Release|Any CPU.ActiveCfg = Release|Any CPU
		{D3FB7888-9447-4030-B67C-F2EE1F340603}.Release|Any CPU.Build.0 = Release|Any CPU
		{1893EFAA-113E-42EF-B598-4BE0DF09D4F4}.Debug|Any CPU.ActiveCfg = Debug|Any CPU
		{1893EFAA-113E-42EF-B598-4BE0DF09D4F4}.Debug|Any CPU.Build.0 = Debug|Any CPU
		{1893EFAA-113E-42EF-B598-4BE0DF09D4F4}.Release|Any CPU.ActiveCfg = Release|Any CPU
		{1893EFAA-113E-42EF-B598-4BE0DF09D4F4}.Release|Any CPU.Build.0 = Release|Any CPU
		{ED5D176A-E677-45C8-B5A1-5172669ACF9C}.Debug|Any CPU.ActiveCfg = Debug|Any CPU
		{ED5D176A-E677-45C8-B5A1-5172669ACF9C}.Debug|Any CPU.Build.0 = Debug|Any CPU
		{ED5D176A-E677-45C8-B5A1-5172669ACF9C}.Release|Any CPU.ActiveCfg = Release|Any CPU
		{ED5D176A-E677-45C8-B5A1-5172669ACF9C}.Release|Any CPU.Build.0 = Release|Any CPU
		{29B7E7C4-7696-4452-BCCC-09EDA030689A}.Debug|Any CPU.ActiveCfg = Debug|Any CPU
		{29B7E7C4-7696-4452-BCCC-09EDA030689A}.Debug|Any CPU.Build.0 = Debug|Any CPU
		{29B7E7C4-7696-4452-BCCC-09EDA030689A}.Release|Any CPU.ActiveCfg = Release|Any CPU
		{29B7E7C4-7696-4452-BCCC-09EDA030689A}.Release|Any CPU.Build.0 = Release|Any CPU
		{3E50E010-D39E-4B94-A176-75098B585AEF}.Debug|Any CPU.ActiveCfg = Debug|Any CPU
		{3E50E010-D39E-4B94-A176-75098B585AEF}.Debug|Any CPU.Build.0 = Debug|Any CPU
		{3E50E010-D39E-4B94-A176-75098B585AEF}.Release|Any CPU.ActiveCfg = Release|Any CPU
		{3E50E010-D39E-4B94-A176-75098B585AEF}.Release|Any CPU.Build.0 = Release|Any CPU
		{CDA64E09-5BA6-48B5-A192-9F0DDA817825}.Debug|Any CPU.ActiveCfg = Debug|Any CPU
		{CDA64E09-5BA6-48B5-A192-9F0DDA817825}.Debug|Any CPU.Build.0 = Debug|Any CPU
		{CDA64E09-5BA6-48B5-A192-9F0DDA817825}.Release|Any CPU.ActiveCfg = Release|Any CPU
		{CDA64E09-5BA6-48B5-A192-9F0DDA817825}.Release|Any CPU.Build.0 = Release|Any CPU
		{FBF1011E-F540-4CAC-A2DC-47114EE2E840}.Debug|Any CPU.ActiveCfg = Debug|Any CPU
		{FBF1011E-F540-4CAC-A2DC-47114EE2E840}.Debug|Any CPU.Build.0 = Debug|Any CPU
		{FBF1011E-F540-4CAC-A2DC-47114EE2E840}.Release|Any CPU.ActiveCfg = Release|Any CPU
		{FBF1011E-F540-4CAC-A2DC-47114EE2E840}.Release|Any CPU.Build.0 = Release|Any CPU
		{86725398-1B8F-4656-9F4C-C7C1F60CE59E}.Debug|Any CPU.ActiveCfg = Debug|Any CPU
		{86725398-1B8F-4656-9F4C-C7C1F60CE59E}.Debug|Any CPU.Build.0 = Debug|Any CPU
		{86725398-1B8F-4656-9F4C-C7C1F60CE59E}.Release|Any CPU.ActiveCfg = Release|Any CPU
		{86725398-1B8F-4656-9F4C-C7C1F60CE59E}.Release|Any CPU.Build.0 = Release|Any CPU
		{FF2DA5F0-F082-4D5B-B2BE-7E9C99AA1A6A}.Debug|Any CPU.ActiveCfg = Debug|Any CPU
		{FF2DA5F0-F082-4D5B-B2BE-7E9C99AA1A6A}.Debug|Any CPU.Build.0 = Debug|Any CPU
		{FF2DA5F0-F082-4D5B-B2BE-7E9C99AA1A6A}.Release|Any CPU.ActiveCfg = Release|Any CPU
		{FF2DA5F0-F082-4D5B-B2BE-7E9C99AA1A6A}.Release|Any CPU.Build.0 = Release|Any CPU
		{4C6F8E92-FA3C-4AEF-928B-391216062B13}.Debug|Any CPU.ActiveCfg = Debug|Any CPU
		{4C6F8E92-FA3C-4AEF-928B-391216062B13}.Debug|Any CPU.Build.0 = Debug|Any CPU
		{4C6F8E92-FA3C-4AEF-928B-391216062B13}.Release|Any CPU.ActiveCfg = Release|Any CPU
		{4C6F8E92-FA3C-4AEF-928B-391216062B13}.Release|Any CPU.Build.0 = Release|Any CPU
		{45533391-9C28-448B-B48D-1556260949E6}.Debug|Any CPU.ActiveCfg = Debug|Any CPU
		{45533391-9C28-448B-B48D-1556260949E6}.Debug|Any CPU.Build.0 = Debug|Any CPU
		{45533391-9C28-448B-B48D-1556260949E6}.Release|Any CPU.ActiveCfg = Release|Any CPU
		{45533391-9C28-448B-B48D-1556260949E6}.Release|Any CPU.Build.0 = Release|Any CPU
	EndGlobalSection
	GlobalSection(NestedProjects) = preSolution
		{0BA1E2B9-F760-4148-B74C-CF9395D98469} = {54549805-A544-4EA3-B4F3-71EF9BE5EE51}
		{4D00775F-7C01-4EF9-ADD9-17E4858F88E7} = {54549805-A544-4EA3-B4F3-71EF9BE5EE51}
		{3344A3EF-9C16-44FA-B124-5E19477A5756} = {7B63F0D7-0A35-46DE-808C-342091BC2EC8}
		{F149E015-FAC2-400D-B1DD-D5B16EFEC8AF} = {7B63F0D7-0A35-46DE-808C-342091BC2EC8}
		{ACEF3BDB-AC58-4495-B67B-E8D1ED2BC1C1} = {7B63F0D7-0A35-46DE-808C-342091BC2EC8}
		{7C32CF9D-B259-4E98-B274-D3918088C1ED} = {54549805-A544-4EA3-B4F3-71EF9BE5EE51}
		{31C6A664-3B99-4ED8-B4DF-EB9D60292691} = {F149E015-FAC2-400D-B1DD-D5B16EFEC8AF}
		{8561E3A1-42F1-4D3F-A76C-404CE8186545} = {F149E015-FAC2-400D-B1DD-D5B16EFEC8AF}
		{54549805-A544-4EA3-B4F3-71EF9BE5EE51} = {63B5F8E1-C35C-47F4-BE2F-35D8C6CE058A}
		{7B63F0D7-0A35-46DE-808C-342091BC2EC8} = {63B5F8E1-C35C-47F4-BE2F-35D8C6CE058A}
		{D3FB7888-9447-4030-B67C-F2EE1F340603} = {0BA1E2B9-F760-4148-B74C-CF9395D98469}
		{930B355C-E522-41F6-89BB-3BA45A74421C} = {0BA1E2B9-F760-4148-B74C-CF9395D98469}
		{CDA64E09-5BA6-48B5-A192-9F0DDA817825} = {0BA1E2B9-F760-4148-B74C-CF9395D98469}
		{ED5D176A-E677-45C8-B5A1-5172669ACF9C} = {0BA1E2B9-F760-4148-B74C-CF9395D98469}
		{1893EFAA-113E-42EF-B598-4BE0DF09D4F4} = {0BA1E2B9-F760-4148-B74C-CF9395D98469}
		{73AE3C6E-73C0-4D31-800C-988275BBD8F9} = {0CAEADD8-D425-4D12-9853-19EDC3ACDE71}
		{7A974171-6BDD-4EEF-A967-1444D06CE917} = {73AE3C6E-73C0-4D31-800C-988275BBD8F9}
		{60906C3B-966B-4C65-A700-4B6A4BBEF366} = {73AE3C6E-73C0-4D31-800C-988275BBD8F9}
		{F6F95251-1354-40C1-A72E-3C016EF9F274} = {73AE3C6E-73C0-4D31-800C-988275BBD8F9}
		{FF2DA5F0-F082-4D5B-B2BE-7E9C99AA1A6A} = {F6F95251-1354-40C1-A72E-3C016EF9F274}
		{86725398-1B8F-4656-9F4C-C7C1F60CE59E} = {4D00775F-7C01-4EF9-ADD9-17E4858F88E7}
		{3E50E010-D39E-4B94-A176-75098B585AEF} = {60906C3B-966B-4C65-A700-4B6A4BBEF366}
		{25F38B52-854E-44F3-9D64-093147735664} = {60906C3B-966B-4C65-A700-4B6A4BBEF366}
		{FBF1011E-F540-4CAC-A2DC-47114EE2E840} = {60906C3B-966B-4C65-A700-4B6A4BBEF366}
		{29B7E7C4-7696-4452-BCCC-09EDA030689A} = {60906C3B-966B-4C65-A700-4B6A4BBEF366}
		{4C6F8E92-FA3C-4AEF-928B-391216062B13} = {ACEF3BDB-AC58-4495-B67B-E8D1ED2BC1C1}
		{45533391-9C28-448B-B48D-1556260949E6} = {3344A3EF-9C16-44FA-B124-5E19477A5756}
		{63E49ADF-DE65-4B71-8983-700991AF2F1E} = {0CAEADD8-D425-4D12-9853-19EDC3ACDE71}
		{E50F1755-56A5-480F-A049-61EC15573B25} = {63E49ADF-DE65-4B71-8983-700991AF2F1E}
		{CD79BAA2-6A8C-4CDE-95F8-0923FECEBB1C} = {63E49ADF-DE65-4B71-8983-700991AF2F1E}
		{292A5A5D-A031-4A61-BF5E-E47B9A13B369} = {63E49ADF-DE65-4B71-8983-700991AF2F1E}
	EndGlobalSection
EndGlobal
